
Microsoft Visual Studio Solution File, Format Version 12.00
# Visual Studio Version 16
VisualStudioVersion = 16.0.31624.102
MinimumVisualStudioVersion = 10.0.40219.1
Project("{2150E333-8FDC-42A3-9474-1A3956D46DE8}") = "build", "build", "{C9DE8F6E-4434-4BE4-9AA8-0809D9C1E718}"
EndProject
Project("{2150E333-8FDC-42A3-9474-1A3956D46DE8}") = "deploy", "deploy", "{B842261D-2D9A-4E3E-9EC2-CCAB1AA160D3}"
EndProject
Project("{2150E333-8FDC-42A3-9474-1A3956D46DE8}") = "src", "src", "{0AFB6860-6622-482C-93E5-8B2032B44F96}"
EndProject
Project("{2150E333-8FDC-42A3-9474-1A3956D46DE8}") = "tests", "tests", "{A68B3B6E-3890-41D9-943E-8991083EF303}"
EndProject
Project("{2150E333-8FDC-42A3-9474-1A3956D46DE8}") = "Solution Items", "Solution Items", "{5FA2846C-D44F-49BF-A39D-6444C5889311}"
	ProjectSection(SolutionItems) = preProject
		.editorconfig = .editorconfig
		.gitattributes = .gitattributes
		.gitignore = .gitignore
		Configurations.targets = Configurations.targets
		Directory.Build.props = Directory.Build.props
		GameDir.targets = GameDir.targets
		Grimware.Subnautica.BelowZero.Mods.TestMod.sln.DotSettings = Grimware.Subnautica.BelowZero.Mods.TestMod.sln.DotSettings
		LICENSE = LICENSE
		mod.json = mod.json
		nuget.config = nuget.config
		PostBuildEvents.targets = PostBuildEvents.targets
		README.md = README.md
		References.targets = References.targets
	EndProjectSection
EndProject
Project("{9A19103F-16F7-4668-BE54-9A1E7A4F7556}") = "Grimolfr.SubnauticaZero.ExteriorPlantPots", "src\Grimolfr.SubnauticaZero.ExteriorPlantPots\Grimolfr.SubnauticaZero.ExteriorPlantPots.csproj", "{FF33C78B-D70C-492F-A5D1-4FCAB1DC2A42}"
EndProject
Global
	GlobalSection(SolutionConfigurationPlatforms) = preSolution
		Debug|Any CPU = Debug|Any CPU
		Release|Any CPU = Release|Any CPU
	EndGlobalSection
	GlobalSection(ProjectConfigurationPlatforms) = postSolution
		{FF33C78B-D70C-492F-A5D1-4FCAB1DC2A42}.Debug|Any CPU.ActiveCfg = Debug|Any CPU
		{FF33C78B-D70C-492F-A5D1-4FCAB1DC2A42}.Debug|Any CPU.Build.0 = Debug|Any CPU
		{FF33C78B-D70C-492F-A5D1-4FCAB1DC2A42}.Release|Any CPU.ActiveCfg = Release|Any CPU
		{FF33C78B-D70C-492F-A5D1-4FCAB1DC2A42}.Release|Any CPU.Build.0 = Release|Any CPU
	EndGlobalSection
	GlobalSection(SolutionProperties) = preSolution
		HideSolutionNode = FALSE
	EndGlobalSection
	GlobalSection(NestedProjects) = preSolution
		{FF33C78B-D70C-492F-A5D1-4FCAB1DC2A42} = {0AFB6860-6622-482C-93E5-8B2032B44F96}
	EndGlobalSection
	GlobalSection(ExtensibilityGlobals) = postSolution
		SolutionGuid = {D6D17218-7E6A-400C-A983-5BA2DD49AE00}
	EndGlobalSection
EndGlobal
